// !$*UTF8*$!
{
	archiveVersion = 1;
	classes = {
	};
	objectVersion = 56;
	objects = {

/* Begin PBXBuildFile section */
		856F11552A6EB8A40073D730 /* Constants.swift in Sources */ = {isa = PBXBuildFile; fileRef = 856F11542A6EB8A40073D730 /* Constants.swift */; };
		856F11572A6EBAF70073D730 /* User.swift in Sources */ = {isa = PBXBuildFile; fileRef = 856F11562A6EBAF70073D730 /* User.swift */; };
		856F115A2A6EBCEA0073D730 /* FirebaseAuth in Frameworks */ = {isa = PBXBuildFile; productRef = 856F11592A6EBCEA0073D730 /* FirebaseAuth */; };
		856F115C2A6EBCEA0073D730 /* FirebaseFirestore in Frameworks */ = {isa = PBXBuildFile; productRef = 856F115B2A6EBCEA0073D730 /* FirebaseFirestore */; };
		856F115E2A6EBCEA0073D730 /* FirebaseFirestoreSwift in Frameworks */ = {isa = PBXBuildFile; productRef = 856F115D2A6EBCEA0073D730 /* FirebaseFirestoreSwift */; };
		856F11602A6EBCEA0073D730 /* FirebaseFunctions in Frameworks */ = {isa = PBXBuildFile; productRef = 856F115F2A6EBCEA0073D730 /* FirebaseFunctions */; };
		856F11622A6EBCEA0073D730 /* FirebaseMessaging in Frameworks */ = {isa = PBXBuildFile; productRef = 856F11612A6EBCEA0073D730 /* FirebaseMessaging */; };
		856F11642A6EBCEA0073D730 /* FirebaseStorage in Frameworks */ = {isa = PBXBuildFile; productRef = 856F11632A6EBCEA0073D730 /* FirebaseStorage */; };
		856F11662A6EBFDA0073D730 /* SearchViewModel.swift in Sources */ = {isa = PBXBuildFile; fileRef = 856F11652A6EBFDA0073D730 /* SearchViewModel.swift */; };
		856F11682A6ED5A30073D730 /* ProfileViewModel.swift in Sources */ = {isa = PBXBuildFile; fileRef = 856F11672A6ED5A30073D730 /* ProfileViewModel.swift */; };
		856F116A2A6EDB000073D730 /* UserService.swift in Sources */ = {isa = PBXBuildFile; fileRef = 856F11692A6EDB000073D730 /* UserService.swift */; };
		856F116C2A6EF3A00073D730 /* UploadPostViewModel.swift in Sources */ = {isa = PBXBuildFile; fileRef = 856F116B2A6EF3A00073D730 /* UploadPostViewModel.swift */; };
		856F116E2A6F01D60073D730 /* TextArea.swift in Sources */ = {isa = PBXBuildFile; fileRef = 856F116D2A6F01D60073D730 /* TextArea.swift */; };
		856F11702A6F09370073D730 /* Post.swift in Sources */ = {isa = PBXBuildFile; fileRef = 856F116F2A6F09370073D730 /* Post.swift */; };
		856F11722A6F0A820073D730 /* FeedViewModel.swift in Sources */ = {isa = PBXBuildFile; fileRef = 856F11712A6F0A820073D730 /* FeedViewModel.swift */; };
		856F11742A6F107E0073D730 /* PostGridViewModel.swift in Sources */ = {isa = PBXBuildFile; fileRef = 856F11732A6F107E0073D730 /* PostGridViewModel.swift */; };
		856F11762A6F18BE0073D730 /* FeedCellViewModel.swift in Sources */ = {isa = PBXBuildFile; fileRef = 856F11752A6F18BE0073D730 /* FeedCellViewModel.swift */; };
		856F11782A7007CF0073D730 /* Comment.swift in Sources */ = {isa = PBXBuildFile; fileRef = 856F11772A7007CF0073D730 /* Comment.swift */; };
		856F117A2A7007F10073D730 /* CommentsView.swift in Sources */ = {isa = PBXBuildFile; fileRef = 856F11792A7007F10073D730 /* CommentsView.swift */; };
		856F117C2A7008060073D730 /* CommentCell.swift in Sources */ = {isa = PBXBuildFile; fileRef = 856F117B2A7008060073D730 /* CommentCell.swift */; };
		856F117E2A7008320073D730 /* CommentViewModel.swift in Sources */ = {isa = PBXBuildFile; fileRef = 856F117D2A7008320073D730 /* CommentViewModel.swift */; };
		856F11802A700C560073D730 /* CustomInputView.swift in Sources */ = {isa = PBXBuildFile; fileRef = 856F117F2A700C560073D730 /* CustomInputView.swift */; };
		856F11822A701F780073D730 /* Notification.swift in Sources */ = {isa = PBXBuildFile; fileRef = 856F11812A701F780073D730 /* Notification.swift */; };
		856F11842A70212D0073D730 /* NotificationViewModel.swift in Sources */ = {isa = PBXBuildFile; fileRef = 856F11832A70212D0073D730 /* NotificationViewModel.swift */; };
		856F11862A702B920073D730 /* NotificationCellViewModel.swift in Sources */ = {isa = PBXBuildFile; fileRef = 856F11852A702B920073D730 /* NotificationCellViewModel.swift */; };
		856F11882A7050A20073D730 /* LazyView.swift in Sources */ = {isa = PBXBuildFile; fileRef = 856F11872A7050A20073D730 /* LazyView.swift */; };
		856F118A2A705B230073D730 /* EditProfileView.swift in Sources */ = {isa = PBXBuildFile; fileRef = 856F11892A705B230073D730 /* EditProfileView.swift */; };
		856F118C2A705EA20073D730 /* EditProfileViewModel.swift in Sources */ = {isa = PBXBuildFile; fileRef = 856F118B2A705EA20073D730 /* EditProfileViewModel.swift */; };
		85D0DAAA2A69900100A6913E /* instagramCloneApp.swift in Sources */ = {isa = PBXBuildFile; fileRef = 85D0DAA92A69900100A6913E /* instagramCloneApp.swift */; };
		85D0DAAE2A69900200A6913E /* Assets.xcassets in Resources */ = {isa = PBXBuildFile; fileRef = 85D0DAAD2A69900200A6913E /* Assets.xcassets */; };
		85D0DAB12A69900200A6913E /* Preview Assets.xcassets in Resources */ = {isa = PBXBuildFile; fileRef = 85D0DAB02A69900200A6913E /* Preview Assets.xcassets */; };
		85D0DABF2A69913C00A6913E /* ContentView.swift in Sources */ = {isa = PBXBuildFile; fileRef = 85D0DABE2A69913C00A6913E /* ContentView.swift */; };
		85D0DACE2A69929500A6913E /* MainTabView.swift in Sources */ = {isa = PBXBuildFile; fileRef = 85D0DACD2A69929500A6913E /* MainTabView.swift */; };
		85D0DAD02A6992CD00A6913E /* FeedView.swift in Sources */ = {isa = PBXBuildFile; fileRef = 85D0DACF2A6992CD00A6913E /* FeedView.swift */; };
		85D0DAD22A6992F400A6913E /* SearchView.swift in Sources */ = {isa = PBXBuildFile; fileRef = 85D0DAD12A6992F400A6913E /* SearchView.swift */; };
		85D0DAD42A69931400A6913E /* UploadPostView.swift in Sources */ = {isa = PBXBuildFile; fileRef = 85D0DAD32A69931400A6913E /* UploadPostView.swift */; };
		85D0DAD82A69936E00A6913E /* NotificationsView.swift in Sources */ = {isa = PBXBuildFile; fileRef = 85D0DAD72A69936E00A6913E /* NotificationsView.swift */; };
		85D0DADA2A69938B00A6913E /* ProfileView.swift in Sources */ = {isa = PBXBuildFile; fileRef = 85D0DAD92A69938B00A6913E /* ProfileView.swift */; };
		85D0DADC2A69AA1400A6913E /* FeedCell.swift in Sources */ = {isa = PBXBuildFile; fileRef = 85D0DADB2A69AA1400A6913E /* FeedCell.swift */; };
		85D0DADE2A69C95400A6913E /* SearchBar.swift in Sources */ = {isa = PBXBuildFile; fileRef = 85D0DADD2A69C95400A6913E /* SearchBar.swift */; };
		85D0DAE02A69CEDA00A6913E /* PostGridView.swift in Sources */ = {isa = PBXBuildFile; fileRef = 85D0DADF2A69CEDA00A6913E /* PostGridView.swift */; };
		85D0DAE22A69D1C600A6913E /* UserCell.swift in Sources */ = {isa = PBXBuildFile; fileRef = 85D0DAE12A69D1C600A6913E /* UserCell.swift */; };
		85D0DAE42A69D1DA00A6913E /* UserListView.swift in Sources */ = {isa = PBXBuildFile; fileRef = 85D0DAE32A69D1DA00A6913E /* UserListView.swift */; };
		85D0DAE62A69D8B000A6913E /* Extensions.swift in Sources */ = {isa = PBXBuildFile; fileRef = 85D0DAE52A69D8B000A6913E /* Extensions.swift */; };
		85D0DAE82A69DC4C00A6913E /* NotificationCell.swift in Sources */ = {isa = PBXBuildFile; fileRef = 85D0DAE72A69DC4C00A6913E /* NotificationCell.swift */; };
		85D0DAEC2A6AC1F600A6913E /* ProfileHeaderView.swift in Sources */ = {isa = PBXBuildFile; fileRef = 85D0DAEB2A6AC1F600A6913E /* ProfileHeaderView.swift */; };
		85D0DAEE2A6AC8A100A6913E /* UserStatView.swift in Sources */ = {isa = PBXBuildFile; fileRef = 85D0DAED2A6AC8A100A6913E /* UserStatView.swift */; };
		85D0DAF02A6AC9ED00A6913E /* ProfileActionButtonView.swift in Sources */ = {isa = PBXBuildFile; fileRef = 85D0DAEF2A6AC9ED00A6913E /* ProfileActionButtonView.swift */; };
		85D0DAF42A6AE10000A6913E /* LoginView.swift in Sources */ = {isa = PBXBuildFile; fileRef = 85D0DAF32A6AE10000A6913E /* LoginView.swift */; };
		85D0DAF62A6AE11100A6913E /* RegistrationView.swift in Sources */ = {isa = PBXBuildFile; fileRef = 85D0DAF52A6AE11100A6913E /* RegistrationView.swift */; };
		85D0DAF82A6AE12100A6913E /* ResetPassswordView.swift in Sources */ = {isa = PBXBuildFile; fileRef = 85D0DAF72A6AE12100A6913E /* ResetPassswordView.swift */; };
		85D0DAFA2A6AE5F100A6913E /* CustomSecureField.swift in Sources */ = {isa = PBXBuildFile; fileRef = 85D0DAF92A6AE5F100A6913E /* CustomSecureField.swift */; };
		85D0DAFC2A6AE60200A6913E /* CustomTextField.swift in Sources */ = {isa = PBXBuildFile; fileRef = 85D0DAFB2A6AE60200A6913E /* CustomTextField.swift */; };
		85D0DB0A2A6B03B700A6913E /* Kingfisher in Frameworks */ = {isa = PBXBuildFile; productRef = 85D0DB092A6B03B700A6913E /* Kingfisher */; };
		85D0DB0C2A6B080200A6913E /* GoogleService-Info.plist in Resources */ = {isa = PBXBuildFile; fileRef = 85D0DB0B2A6B080200A6913E /* GoogleService-Info.plist */; };
		85D0DB0E2A6B092200A6913E /* AuthViewModel.swift in Sources */ = {isa = PBXBuildFile; fileRef = 85D0DB0D2A6B092200A6913E /* AuthViewModel.swift */; };
		85D0DB102A6B1C1100A6913E /* ImageUploader.swift in Sources */ = {isa = PBXBuildFile; fileRef = 85D0DB0F2A6B1C1100A6913E /* ImageUploader.swift */; };
/* End PBXBuildFile section */

/* Begin PBXFileReference section */
		856F11542A6EB8A40073D730 /* Constants.swift */ = {isa = PBXFileReference; lastKnownFileType = sourcecode.swift; path = Constants.swift; sourceTree = "<group>"; };
		856F11562A6EBAF70073D730 /* User.swift */ = {isa = PBXFileReference; lastKnownFileType = sourcecode.swift; path = User.swift; sourceTree = "<group>"; };
		856F11652A6EBFDA0073D730 /* SearchViewModel.swift */ = {isa = PBXFileReference; lastKnownFileType = sourcecode.swift; path = SearchViewModel.swift; sourceTree = "<group>"; };
		856F11672A6ED5A30073D730 /* ProfileViewModel.swift */ = {isa = PBXFileReference; lastKnownFileType = sourcecode.swift; path = ProfileViewModel.swift; sourceTree = "<group>"; };
		856F11692A6EDB000073D730 /* UserService.swift */ = {isa = PBXFileReference; lastKnownFileType = sourcecode.swift; path = UserService.swift; sourceTree = "<group>"; };
		856F116B2A6EF3A00073D730 /* UploadPostViewModel.swift */ = {isa = PBXFileReference; lastKnownFileType = sourcecode.swift; path = UploadPostViewModel.swift; sourceTree = "<group>"; };
		856F116D2A6F01D60073D730 /* TextArea.swift */ = {isa = PBXFileReference; lastKnownFileType = sourcecode.swift; path = TextArea.swift; sourceTree = "<group>"; };
		856F116F2A6F09370073D730 /* Post.swift */ = {isa = PBXFileReference; lastKnownFileType = sourcecode.swift; path = Post.swift; sourceTree = "<group>"; };
		856F11712A6F0A820073D730 /* FeedViewModel.swift */ = {isa = PBXFileReference; lastKnownFileType = sourcecode.swift; path = FeedViewModel.swift; sourceTree = "<group>"; };
		856F11732A6F107E0073D730 /* PostGridViewModel.swift */ = {isa = PBXFileReference; lastKnownFileType = sourcecode.swift; path = PostGridViewModel.swift; sourceTree = "<group>"; };
		856F11752A6F18BE0073D730 /* FeedCellViewModel.swift */ = {isa = PBXFileReference; lastKnownFileType = sourcecode.swift; path = FeedCellViewModel.swift; sourceTree = "<group>"; };
		856F11772A7007CF0073D730 /* Comment.swift */ = {isa = PBXFileReference; lastKnownFileType = sourcecode.swift; path = Comment.swift; sourceTree = "<group>"; };
		856F11792A7007F10073D730 /* CommentsView.swift */ = {isa = PBXFileReference; lastKnownFileType = sourcecode.swift; path = CommentsView.swift; sourceTree = "<group>"; };
		856F117B2A7008060073D730 /* CommentCell.swift */ = {isa = PBXFileReference; lastKnownFileType = sourcecode.swift; path = CommentCell.swift; sourceTree = "<group>"; };
		856F117D2A7008320073D730 /* CommentViewModel.swift */ = {isa = PBXFileReference; lastKnownFileType = sourcecode.swift; path = CommentViewModel.swift; sourceTree = "<group>"; };
		856F117F2A700C560073D730 /* CustomInputView.swift */ = {isa = PBXFileReference; lastKnownFileType = sourcecode.swift; path = CustomInputView.swift; sourceTree = "<group>"; };
		856F11812A701F780073D730 /* Notification.swift */ = {isa = PBXFileReference; lastKnownFileType = sourcecode.swift; path = Notification.swift; sourceTree = "<group>"; };
		856F11832A70212D0073D730 /* NotificationViewModel.swift */ = {isa = PBXFileReference; lastKnownFileType = sourcecode.swift; path = NotificationViewModel.swift; sourceTree = "<group>"; };
		856F11852A702B920073D730 /* NotificationCellViewModel.swift */ = {isa = PBXFileReference; lastKnownFileType = sourcecode.swift; path = NotificationCellViewModel.swift; sourceTree = "<group>"; };
		856F11872A7050A20073D730 /* LazyView.swift */ = {isa = PBXFileReference; lastKnownFileType = sourcecode.swift; path = LazyView.swift; sourceTree = "<group>"; };
		856F11892A705B230073D730 /* EditProfileView.swift */ = {isa = PBXFileReference; lastKnownFileType = sourcecode.swift; path = EditProfileView.swift; sourceTree = "<group>"; };
		856F118B2A705EA20073D730 /* EditProfileViewModel.swift */ = {isa = PBXFileReference; lastKnownFileType = sourcecode.swift; path = EditProfileViewModel.swift; sourceTree = "<group>"; };
		85D0DAA62A69900100A6913E /* instagramClone.app */ = {isa = PBXFileReference; explicitFileType = wrapper.application; includeInIndex = 0; path = instagramClone.app; sourceTree = BUILT_PRODUCTS_DIR; };
		85D0DAA92A69900100A6913E /* instagramCloneApp.swift */ = {isa = PBXFileReference; lastKnownFileType = sourcecode.swift; path = instagramCloneApp.swift; sourceTree = "<group>"; };
		85D0DAAD2A69900200A6913E /* Assets.xcassets */ = {isa = PBXFileReference; lastKnownFileType = folder.assetcatalog; path = Assets.xcassets; sourceTree = "<group>"; };
		85D0DAB02A69900200A6913E /* Preview Assets.xcassets */ = {isa = PBXFileReference; lastKnownFileType = folder.assetcatalog; path = "Preview Assets.xcassets"; sourceTree = "<group>"; };
		85D0DABE2A69913C00A6913E /* ContentView.swift */ = {isa = PBXFileReference; lastKnownFileType = sourcecode.swift; path = ContentView.swift; sourceTree = "<group>"; };
		85D0DACD2A69929500A6913E /* MainTabView.swift */ = {isa = PBXFileReference; lastKnownFileType = sourcecode.swift; path = MainTabView.swift; sourceTree = "<group>"; };
		85D0DACF2A6992CD00A6913E /* FeedView.swift */ = {isa = PBXFileReference; lastKnownFileType = sourcecode.swift; path = FeedView.swift; sourceTree = "<group>"; };
		85D0DAD12A6992F400A6913E /* SearchView.swift */ = {isa = PBXFileReference; lastKnownFileType = sourcecode.swift; path = SearchView.swift; sourceTree = "<group>"; };
		85D0DAD32A69931400A6913E /* UploadPostView.swift */ = {isa = PBXFileReference; lastKnownFileType = sourcecode.swift; path = UploadPostView.swift; sourceTree = "<group>"; };
		85D0DAD72A69936E00A6913E /* NotificationsView.swift */ = {isa = PBXFileReference; lastKnownFileType = sourcecode.swift; path = NotificationsView.swift; sourceTree = "<group>"; };
		85D0DAD92A69938B00A6913E /* ProfileView.swift */ = {isa = PBXFileReference; lastKnownFileType = sourcecode.swift; path = ProfileView.swift; sourceTree = "<group>"; };
		85D0DADB2A69AA1400A6913E /* FeedCell.swift */ = {isa = PBXFileReference; lastKnownFileType = sourcecode.swift; path = FeedCell.swift; sourceTree = "<group>"; };
		85D0DADD2A69C95400A6913E /* SearchBar.swift */ = {isa = PBXFileReference; lastKnownFileType = sourcecode.swift; path = SearchBar.swift; sourceTree = "<group>"; };
		85D0DADF2A69CEDA00A6913E /* PostGridView.swift */ = {isa = PBXFileReference; lastKnownFileType = sourcecode.swift; path = PostGridView.swift; sourceTree = "<group>"; };
		85D0DAE12A69D1C600A6913E /* UserCell.swift */ = {isa = PBXFileReference; lastKnownFileType = sourcecode.swift; path = UserCell.swift; sourceTree = "<group>"; };
		85D0DAE32A69D1DA00A6913E /* UserListView.swift */ = {isa = PBXFileReference; lastKnownFileType = sourcecode.swift; path = UserListView.swift; sourceTree = "<group>"; };
		85D0DAE52A69D8B000A6913E /* Extensions.swift */ = {isa = PBXFileReference; lastKnownFileType = sourcecode.swift; path = Extensions.swift; sourceTree = "<group>"; };
		85D0DAE72A69DC4C00A6913E /* NotificationCell.swift */ = {isa = PBXFileReference; lastKnownFileType = sourcecode.swift; path = NotificationCell.swift; sourceTree = "<group>"; };
		85D0DAEB2A6AC1F600A6913E /* ProfileHeaderView.swift */ = {isa = PBXFileReference; lastKnownFileType = sourcecode.swift; path = ProfileHeaderView.swift; sourceTree = "<group>"; };
		85D0DAED2A6AC8A100A6913E /* UserStatView.swift */ = {isa = PBXFileReference; lastKnownFileType = sourcecode.swift; path = UserStatView.swift; sourceTree = "<group>"; };
		85D0DAEF2A6AC9ED00A6913E /* ProfileActionButtonView.swift */ = {isa = PBXFileReference; lastKnownFileType = sourcecode.swift; path = ProfileActionButtonView.swift; sourceTree = "<group>"; };
		85D0DAF32A6AE10000A6913E /* LoginView.swift */ = {isa = PBXFileReference; lastKnownFileType = sourcecode.swift; path = LoginView.swift; sourceTree = "<group>"; };
		85D0DAF52A6AE11100A6913E /* RegistrationView.swift */ = {isa = PBXFileReference; lastKnownFileType = sourcecode.swift; path = RegistrationView.swift; sourceTree = "<group>"; };
		85D0DAF72A6AE12100A6913E /* ResetPassswordView.swift */ = {isa = PBXFileReference; lastKnownFileType = sourcecode.swift; path = ResetPassswordView.swift; sourceTree = "<group>"; };
		85D0DAF92A6AE5F100A6913E /* CustomSecureField.swift */ = {isa = PBXFileReference; lastKnownFileType = sourcecode.swift; path = CustomSecureField.swift; sourceTree = "<group>"; };
		85D0DAFB2A6AE60200A6913E /* CustomTextField.swift */ = {isa = PBXFileReference; lastKnownFileType = sourcecode.swift; path = CustomTextField.swift; sourceTree = "<group>"; };
		85D0DB0B2A6B080200A6913E /* GoogleService-Info.plist */ = {isa = PBXFileReference; fileEncoding = 4; lastKnownFileType = text.plist.xml; path = "GoogleService-Info.plist"; sourceTree = "<group>"; };
		85D0DB0D2A6B092200A6913E /* AuthViewModel.swift */ = {isa = PBXFileReference; lastKnownFileType = sourcecode.swift; path = AuthViewModel.swift; sourceTree = "<group>"; };
		85D0DB0F2A6B1C1100A6913E /* ImageUploader.swift */ = {isa = PBXFileReference; lastKnownFileType = sourcecode.swift; path = ImageUploader.swift; sourceTree = "<group>"; };
/* End PBXFileReference section */

/* Begin PBXFrameworksBuildPhase section */
		85D0DAA32A69900100A6913E /* Frameworks */ = {
			isa = PBXFrameworksBuildPhase;
			buildActionMask = 2147483647;
			files = (
				856F11622A6EBCEA0073D730 /* FirebaseMessaging in Frameworks */,
				85D0DB0A2A6B03B700A6913E /* Kingfisher in Frameworks */,
				856F115A2A6EBCEA0073D730 /* FirebaseAuth in Frameworks */,
				856F11602A6EBCEA0073D730 /* FirebaseFunctions in Frameworks */,
				856F11642A6EBCEA0073D730 /* FirebaseStorage in Frameworks */,
				856F115C2A6EBCEA0073D730 /* FirebaseFirestore in Frameworks */,
				856F115E2A6EBCEA0073D730 /* FirebaseFirestoreSwift in Frameworks */,
			);
			runOnlyForDeploymentPostprocessing = 0;
		};
/* End PBXFrameworksBuildPhase section */

/* Begin PBXGroup section */
		85D0DA9D2A69900100A6913E = {
			isa = PBXGroup;
			children = (
				85D0DAA82A69900100A6913E /* instagramClone */,
				85D0DAA72A69900100A6913E /* Products */,
			);
			sourceTree = "<group>";
		};
		85D0DAA72A69900100A6913E /* Products */ = {
			isa = PBXGroup;
			children = (
				85D0DAA62A69900100A6913E /* instagramClone.app */,
			);
			name = Products;
			sourceTree = "<group>";
		};
		85D0DAA82A69900100A6913E /* instagramClone */ = {
			isa = PBXGroup;
			children = (
				85D0DABC2A6990B000A6913E /* ViewModel */,
				85D0DABB2A6990AA00A6913E /* Model */,
				85D0DABA2A6990A300A6913E /* View */,
				85D0DAB92A69909B00A6913E /* Utils */,
				85D0DAB82A69909500A6913E /* API */,
				85D0DAA92A69900100A6913E /* instagramCloneApp.swift */,
				85D0DB0B2A6B080200A6913E /* GoogleService-Info.plist */,
				85D0DAAD2A69900200A6913E /* Assets.xcassets */,
				85D0DAAF2A69900200A6913E /* Preview Content */,
			);
			path = instagramClone;
			sourceTree = "<group>";
		};
		85D0DAAF2A69900200A6913E /* Preview Content */ = {
			isa = PBXGroup;
			children = (
				85D0DAB02A69900200A6913E /* Preview Assets.xcassets */,
			);
			path = "Preview Content";
			sourceTree = "<group>";
		};
		85D0DAB82A69909500A6913E /* API */ = {
			isa = PBXGroup;
			children = (
				85D0DB0F2A6B1C1100A6913E /* ImageUploader.swift */,
				856F11692A6EDB000073D730 /* UserService.swift */,
			);
			path = API;
			sourceTree = "<group>";
		};
		85D0DAB92A69909B00A6913E /* Utils */ = {
			isa = PBXGroup;
			children = (
				85D0DAE52A69D8B000A6913E /* Extensions.swift */,
				85D0DAF92A6AE5F100A6913E /* CustomSecureField.swift */,
				85D0DAFB2A6AE60200A6913E /* CustomTextField.swift */,
				856F11542A6EB8A40073D730 /* Constants.swift */,
				856F116D2A6F01D60073D730 /* TextArea.swift */,
				856F11872A7050A20073D730 /* LazyView.swift */,
			);
			path = Utils;
			sourceTree = "<group>";
		};
		85D0DABA2A6990A300A6913E /* View */ = {
			isa = PBXGroup;
			children = (
				85D0DAC82A6991CE00A6913E /* Notifications */,
				85D0DAC72A6991BE00A6913E /* Items */,
				85D0DAC62A6991AE00A6913E /* Authentication */,
				85D0DAC42A69919800A6913E /* Search */,
				85D0DAC32A69918B00A6913E /* UploadPost */,
				85D0DAC22A69917F00A6913E /* Profile */,
				85D0DAC12A69917900A6913E /* Comments */,
				85D0DAC02A69916C00A6913E /* Feed */,
				85D0DABD2A69913000A6913E /* Main */,
			);
			path = View;
			sourceTree = "<group>";
		};
		85D0DABB2A6990AA00A6913E /* Model */ = {
			isa = PBXGroup;
			children = (
				856F11562A6EBAF70073D730 /* User.swift */,
				856F116F2A6F09370073D730 /* Post.swift */,
				856F11772A7007CF0073D730 /* Comment.swift */,
				856F11812A701F780073D730 /* Notification.swift */,
			);
			path = Model;
			sourceTree = "<group>";
		};
		85D0DABC2A6990B000A6913E /* ViewModel */ = {
			isa = PBXGroup;
			children = (
				85D0DACC2A69921300A6913E /* Profile */,
				85D0DACB2A69920A00A6913E /* Authentication */,
				85D0DACA2A69920500A6913E /* Notifications */,
				85D0DAC92A69920100A6913E /* Feed */,
				856F11652A6EBFDA0073D730 /* SearchViewModel.swift */,
				856F116B2A6EF3A00073D730 /* UploadPostViewModel.swift */,
				856F11732A6F107E0073D730 /* PostGridViewModel.swift */,
				856F117D2A7008320073D730 /* CommentViewModel.swift */,
			);
			path = ViewModel;
			sourceTree = "<group>";
		};
		85D0DABD2A69913000A6913E /* Main */ = {
			isa = PBXGroup;
			children = (
				85D0DABE2A69913C00A6913E /* ContentView.swift */,
				85D0DACD2A69929500A6913E /* MainTabView.swift */,
			);
			path = Main;
			sourceTree = "<group>";
		};
		85D0DAC02A69916C00A6913E /* Feed */ = {
			isa = PBXGroup;
			children = (
				85D0DACF2A6992CD00A6913E /* FeedView.swift */,
				85D0DADB2A69AA1400A6913E /* FeedCell.swift */,
			);
			path = Feed;
			sourceTree = "<group>";
		};
		85D0DAC12A69917900A6913E /* Comments */ = {
			isa = PBXGroup;
			children = (
				856F11792A7007F10073D730 /* CommentsView.swift */,
				856F117B2A7008060073D730 /* CommentCell.swift */,
			);
			path = Comments;
			sourceTree = "<group>";
		};
		85D0DAC22A69917F00A6913E /* Profile */ = {
			isa = PBXGroup;
			children = (
				85D0DAD92A69938B00A6913E /* ProfileView.swift */,
				85D0DAEB2A6AC1F600A6913E /* ProfileHeaderView.swift */,
				85D0DAED2A6AC8A100A6913E /* UserStatView.swift */,
				85D0DAEF2A6AC9ED00A6913E /* ProfileActionButtonView.swift */,
				856F11892A705B230073D730 /* EditProfileView.swift */,
			);
			path = Profile;
			sourceTree = "<group>";
		};
		85D0DAC32A69918B00A6913E /* UploadPost */ = {
			isa = PBXGroup;
			children = (
				85D0DAD32A69931400A6913E /* UploadPostView.swift */,
			);
			path = UploadPost;
			sourceTree = "<group>";
		};
		85D0DAC42A69919800A6913E /* Search */ = {
			isa = PBXGroup;
			children = (
				85D0DAD12A6992F400A6913E /* SearchView.swift */,
				85D0DADD2A69C95400A6913E /* SearchBar.swift */,
			);
			path = Search;
			sourceTree = "<group>";
		};
		85D0DAC62A6991AE00A6913E /* Authentication */ = {
			isa = PBXGroup;
			children = (
				85D0DAF32A6AE10000A6913E /* LoginView.swift */,
				85D0DAF52A6AE11100A6913E /* RegistrationView.swift */,
				85D0DAF72A6AE12100A6913E /* ResetPassswordView.swift */,
			);
			path = Authentication;
			sourceTree = "<group>";
		};
		85D0DAC72A6991BE00A6913E /* Items */ = {
			isa = PBXGroup;
			children = (
				85D0DADF2A69CEDA00A6913E /* PostGridView.swift */,
				85D0DAE12A69D1C600A6913E /* UserCell.swift */,
				85D0DAE32A69D1DA00A6913E /* UserListView.swift */,
				856F117F2A700C560073D730 /* CustomInputView.swift */,
			);
			path = Items;
			sourceTree = "<group>";
		};
		85D0DAC82A6991CE00A6913E /* Notifications */ = {
			isa = PBXGroup;
			children = (
				85D0DAD72A69936E00A6913E /* NotificationsView.swift */,
				85D0DAE72A69DC4C00A6913E /* NotificationCell.swift */,
			);
			path = Notifications;
			sourceTree = "<group>";
		};
		85D0DAC92A69920100A6913E /* Feed */ = {
			isa = PBXGroup;
			children = (
				856F11712A6F0A820073D730 /* FeedViewModel.swift */,
				856F11752A6F18BE0073D730 /* FeedCellViewModel.swift */,
			);
			path = Feed;
			sourceTree = "<group>";
		};
		85D0DACA2A69920500A6913E /* Notifications */ = {
			isa = PBXGroup;
			children = (
				856F11832A70212D0073D730 /* NotificationViewModel.swift */,
				856F11852A702B920073D730 /* NotificationCellViewModel.swift */,
			);
			path = Notifications;
			sourceTree = "<group>";
		};
		85D0DACB2A69920A00A6913E /* Authentication */ = {
			isa = PBXGroup;
			children = (
				85D0DB0D2A6B092200A6913E /* AuthViewModel.swift */,
			);
			path = Authentication;
			sourceTree = "<group>";
		};
		85D0DACC2A69921300A6913E /* Profile */ = {
			isa = PBXGroup;
			children = (
				856F11672A6ED5A30073D730 /* ProfileViewModel.swift */,
				856F118B2A705EA20073D730 /* EditProfileViewModel.swift */,
			);
			path = Profile;
			sourceTree = "<group>";
		};
/* End PBXGroup section */

/* Begin PBXNativeTarget section */
		85D0DAA52A69900100A6913E /* instagramClone */ = {
			isa = PBXNativeTarget;
			buildConfigurationList = 85D0DAB42A69900200A6913E /* Build configuration list for PBXNativeTarget "instagramClone" */;
			buildPhases = (
				85D0DAA22A69900100A6913E /* Sources */,
				85D0DAA32A69900100A6913E /* Frameworks */,
				85D0DAA42A69900100A6913E /* Resources */,
			);
			buildRules = (
			);
			dependencies = (
			);
			name = instagramClone;
			packageProductDependencies = (
				85D0DB092A6B03B700A6913E /* Kingfisher */,
				856F11592A6EBCEA0073D730 /* FirebaseAuth */,
				856F115B2A6EBCEA0073D730 /* FirebaseFirestore */,
				856F115D2A6EBCEA0073D730 /* FirebaseFirestoreSwift */,
				856F115F2A6EBCEA0073D730 /* FirebaseFunctions */,
				856F11612A6EBCEA0073D730 /* FirebaseMessaging */,
				856F11632A6EBCEA0073D730 /* FirebaseStorage */,
			);
			productName = instagramClone;
			productReference = 85D0DAA62A69900100A6913E /* instagramClone.app */;
			productType = "com.apple.product-type.application";
		};
/* End PBXNativeTarget section */

/* Begin PBXProject section */
		85D0DA9E2A69900100A6913E /* Project object */ = {
			isa = PBXProject;
			attributes = {
				BuildIndependentTargetsInParallel = 1;
				LastSwiftUpdateCheck = 1430;
				LastUpgradeCheck = 1430;
				TargetAttributes = {
					85D0DAA52A69900100A6913E = {
						CreatedOnToolsVersion = 14.3.1;
					};
				};
			};
			buildConfigurationList = 85D0DAA12A69900100A6913E /* Build configuration list for PBXProject "instagramClone" */;
			compatibilityVersion = "Xcode 14.0";
			developmentRegion = en;
			hasScannedForEncodings = 0;
			knownRegions = (
				en,
				Base,
			);
			mainGroup = 85D0DA9D2A69900100A6913E;
			packageReferences = (
				85D0DB082A6B03B700A6913E /* XCRemoteSwiftPackageReference "Kingfisher" */,
				856F11582A6EBCEA0073D730 /* XCRemoteSwiftPackageReference "firebase-ios-sdk" */,
			);
			productRefGroup = 85D0DAA72A69900100A6913E /* Products */;
			projectDirPath = "";
			projectRoot = "";
			targets = (
				85D0DAA52A69900100A6913E /* instagramClone */,
			);
		};
/* End PBXProject section */

/* Begin PBXResourcesBuildPhase section */
		85D0DAA42A69900100A6913E /* Resources */ = {
			isa = PBXResourcesBuildPhase;
			buildActionMask = 2147483647;
			files = (
				85D0DAB12A69900200A6913E /* Preview Assets.xcassets in Resources */,
				85D0DAAE2A69900200A6913E /* Assets.xcassets in Resources */,
				85D0DB0C2A6B080200A6913E /* GoogleService-Info.plist in Resources */,
			);
			runOnlyForDeploymentPostprocessing = 0;
		};
/* End PBXResourcesBuildPhase section */

/* Begin PBXSourcesBuildPhase section */
		85D0DAA22A69900100A6913E /* Sources */ = {
			isa = PBXSourcesBuildPhase;
			buildActionMask = 2147483647;
			files = (
				856F11742A6F107E0073D730 /* PostGridViewModel.swift in Sources */,
				85D0DADA2A69938B00A6913E /* ProfileView.swift in Sources */,
				856F11802A700C560073D730 /* CustomInputView.swift in Sources */,
				856F11762A6F18BE0073D730 /* FeedCellViewModel.swift in Sources */,
				85D0DAD22A6992F400A6913E /* SearchView.swift in Sources */,
				856F11682A6ED5A30073D730 /* ProfileViewModel.swift in Sources */,
				85D0DB102A6B1C1100A6913E /* ImageUploader.swift in Sources */,
				85D0DAE02A69CEDA00A6913E /* PostGridView.swift in Sources */,
				85D0DAF82A6AE12100A6913E /* ResetPassswordView.swift in Sources */,
				856F117E2A7008320073D730 /* CommentViewModel.swift in Sources */,
				856F11572A6EBAF70073D730 /* User.swift in Sources */,
				856F116E2A6F01D60073D730 /* TextArea.swift in Sources */,
				85D0DAFC2A6AE60200A6913E /* CustomTextField.swift in Sources */,
				856F11862A702B920073D730 /* NotificationCellViewModel.swift in Sources */,
				85D0DAD42A69931400A6913E /* UploadPostView.swift in Sources */,
				856F11842A70212D0073D730 /* NotificationViewModel.swift in Sources */,
				856F11552A6EB8A40073D730 /* Constants.swift in Sources */,
				85D0DAD02A6992CD00A6913E /* FeedView.swift in Sources */,
				856F118A2A705B230073D730 /* EditProfileView.swift in Sources */,
				856F11702A6F09370073D730 /* Post.swift in Sources */,
				85D0DABF2A69913C00A6913E /* ContentView.swift in Sources */,
				85D0DAAA2A69900100A6913E /* instagramCloneApp.swift in Sources */,
				85D0DAFA2A6AE5F100A6913E /* CustomSecureField.swift in Sources */,
				85D0DAEC2A6AC1F600A6913E /* ProfileHeaderView.swift in Sources */,
				856F118C2A705EA20073D730 /* EditProfileViewModel.swift in Sources */,
				85D0DACE2A69929500A6913E /* MainTabView.swift in Sources */,
				856F117A2A7007F10073D730 /* CommentsView.swift in Sources */,
				856F11782A7007CF0073D730 /* Comment.swift in Sources */,
				856F11722A6F0A820073D730 /* FeedViewModel.swift in Sources */,
				85D0DAEE2A6AC8A100A6913E /* UserStatView.swift in Sources */,
				85D0DAE22A69D1C600A6913E /* UserCell.swift in Sources */,
				85D0DADE2A69C95400A6913E /* SearchBar.swift in Sources */,
				856F117C2A7008060073D730 /* CommentCell.swift in Sources */,
				85D0DAD82A69936E00A6913E /* NotificationsView.swift in Sources */,
				85D0DADC2A69AA1400A6913E /* FeedCell.swift in Sources */,
				856F11882A7050A20073D730 /* LazyView.swift in Sources */,
				85D0DAF02A6AC9ED00A6913E /* ProfileActionButtonView.swift in Sources */,
				85D0DAE42A69D1DA00A6913E /* UserListView.swift in Sources */,
				856F11662A6EBFDA0073D730 /* SearchViewModel.swift in Sources */,
				85D0DAF42A6AE10000A6913E /* LoginView.swift in Sources */,
				85D0DB0E2A6B092200A6913E /* AuthViewModel.swift in Sources */,
				856F116A2A6EDB000073D730 /* UserService.swift in Sources */,
				85D0DAE82A69DC4C00A6913E /* NotificationCell.swift in Sources */,
				856F11822A701F780073D730 /* Notification.swift in Sources */,
				85D0DAE62A69D8B000A6913E /* Extensions.swift in Sources */,
				85D0DAF62A6AE11100A6913E /* RegistrationView.swift in Sources */,
				856F116C2A6EF3A00073D730 /* UploadPostViewModel.swift in Sources */,
			);
			runOnlyForDeploymentPostprocessing = 0;
		};
/* End PBXSourcesBuildPhase section */

/* Begin XCBuildConfiguration section */
		85D0DAB22A69900200A6913E /* Debug */ = {
			isa = XCBuildConfiguration;
			buildSettings = {
				ALWAYS_SEARCH_USER_PATHS = NO;
				CLANG_ANALYZER_NONNULL = YES;
				CLANG_ANALYZER_NUMBER_OBJECT_CONVERSION = YES_AGGRESSIVE;
				CLANG_CXX_LANGUAGE_STANDARD = "gnu++20";
				CLANG_ENABLE_MODULES = YES;
				CLANG_ENABLE_OBJC_ARC = YES;
				CLANG_ENABLE_OBJC_WEAK = YES;
				CLANG_WARN_BLOCK_CAPTURE_AUTORELEASING = YES;
				CLANG_WARN_BOOL_CONVERSION = YES;
				CLANG_WARN_COMMA = YES;
				CLANG_WARN_CONSTANT_CONVERSION = YES;
				CLANG_WARN_DEPRECATED_OBJC_IMPLEMENTATIONS = YES;
				CLANG_WARN_DIRECT_OBJC_ISA_USAGE = YES_ERROR;
				CLANG_WARN_DOCUMENTATION_COMMENTS = YES;
				CLANG_WARN_EMPTY_BODY = YES;
				CLANG_WARN_ENUM_CONVERSION = YES;
				CLANG_WARN_INFINITE_RECURSION = YES;
				CLANG_WARN_INT_CONVERSION = YES;
				CLANG_WARN_NON_LITERAL_NULL_CONVERSION = YES;
				CLANG_WARN_OBJC_IMPLICIT_RETAIN_SELF = YES;
				CLANG_WARN_OBJC_LITERAL_CONVERSION = YES;
				CLANG_WARN_OBJC_ROOT_CLASS = YES_ERROR;
				CLANG_WARN_QUOTED_INCLUDE_IN_FRAMEWORK_HEADER = YES;
				CLANG_WARN_RANGE_LOOP_ANALYSIS = YES;
				CLANG_WARN_STRICT_PROTOTYPES = YES;
				CLANG_WARN_SUSPICIOUS_MOVE = YES;
				CLANG_WARN_UNGUARDED_AVAILABILITY = YES_AGGRESSIVE;
				CLANG_WARN_UNREACHABLE_CODE = YES;
				CLANG_WARN__DUPLICATE_METHOD_MATCH = YES;
				COPY_PHASE_STRIP = NO;
				DEBUG_INFORMATION_FORMAT = dwarf;
				ENABLE_STRICT_OBJC_MSGSEND = YES;
				ENABLE_TESTABILITY = YES;
				GCC_C_LANGUAGE_STANDARD = gnu11;
				GCC_DYNAMIC_NO_PIC = NO;
				GCC_NO_COMMON_BLOCKS = YES;
				GCC_OPTIMIZATION_LEVEL = 0;
				GCC_PREPROCESSOR_DEFINITIONS = (
					"DEBUG=1",
					"$(inherited)",
				);
				GCC_WARN_64_TO_32_BIT_CONVERSION = YES;
				GCC_WARN_ABOUT_RETURN_TYPE = YES_ERROR;
				GCC_WARN_UNDECLARED_SELECTOR = YES;
				GCC_WARN_UNINITIALIZED_AUTOS = YES_AGGRESSIVE;
				GCC_WARN_UNUSED_FUNCTION = YES;
				GCC_WARN_UNUSED_VARIABLE = YES;
				IPHONEOS_DEPLOYMENT_TARGET = 16.4;
				MTL_ENABLE_DEBUG_INFO = INCLUDE_SOURCE;
				MTL_FAST_MATH = YES;
				ONLY_ACTIVE_ARCH = YES;
				SDKROOT = iphoneos;
				SWIFT_ACTIVE_COMPILATION_CONDITIONS = DEBUG;
				SWIFT_OPTIMIZATION_LEVEL = "-Onone";
			};
			name = Debug;
		};
		85D0DAB32A69900200A6913E /* Release */ = {
			isa = XCBuildConfiguration;
			buildSettings = {
				ALWAYS_SEARCH_USER_PATHS = NO;
				CLANG_ANALYZER_NONNULL = YES;
				CLANG_ANALYZER_NUMBER_OBJECT_CONVERSION = YES_AGGRESSIVE;
				CLANG_CXX_LANGUAGE_STANDARD = "gnu++20";
				CLANG_ENABLE_MODULES = YES;
				CLANG_ENABLE_OBJC_ARC = YES;
				CLANG_ENABLE_OBJC_WEAK = YES;
				CLANG_WARN_BLOCK_CAPTURE_AUTORELEASING = YES;
				CLANG_WARN_BOOL_CONVERSION = YES;
				CLANG_WARN_COMMA = YES;
				CLANG_WARN_CONSTANT_CONVERSION = YES;
				CLANG_WARN_DEPRECATED_OBJC_IMPLEMENTATIONS = YES;
				CLANG_WARN_DIRECT_OBJC_ISA_USAGE = YES_ERROR;
				CLANG_WARN_DOCUMENTATION_COMMENTS = YES;
				CLANG_WARN_EMPTY_BODY = YES;
				CLANG_WARN_ENUM_CONVERSION = YES;
				CLANG_WARN_INFINITE_RECURSION = YES;
				CLANG_WARN_INT_CONVERSION = YES;
				CLANG_WARN_NON_LITERAL_NULL_CONVERSION = YES;
				CLANG_WARN_OBJC_IMPLICIT_RETAIN_SELF = YES;
				CLANG_WARN_OBJC_LITERAL_CONVERSION = YES;
				CLANG_WARN_OBJC_ROOT_CLASS = YES_ERROR;
				CLANG_WARN_QUOTED_INCLUDE_IN_FRAMEWORK_HEADER = YES;
				CLANG_WARN_RANGE_LOOP_ANALYSIS = YES;
				CLANG_WARN_STRICT_PROTOTYPES = YES;
				CLANG_WARN_SUSPICIOUS_MOVE = YES;
				CLANG_WARN_UNGUARDED_AVAILABILITY = YES_AGGRESSIVE;
				CLANG_WARN_UNREACHABLE_CODE = YES;
				CLANG_WARN__DUPLICATE_METHOD_MATCH = YES;
				COPY_PHASE_STRIP = NO;
				DEBUG_INFORMATION_FORMAT = "dwarf-with-dsym";
				ENABLE_NS_ASSERTIONS = NO;
				ENABLE_STRICT_OBJC_MSGSEND = YES;
				GCC_C_LANGUAGE_STANDARD = gnu11;
				GCC_NO_COMMON_BLOCKS = YES;
				GCC_WARN_64_TO_32_BIT_CONVERSION = YES;
				GCC_WARN_ABOUT_RETURN_TYPE = YES_ERROR;
				GCC_WARN_UNDECLARED_SELECTOR = YES;
				GCC_WARN_UNINITIALIZED_AUTOS = YES_AGGRESSIVE;
				GCC_WARN_UNUSED_FUNCTION = YES;
				GCC_WARN_UNUSED_VARIABLE = YES;
				IPHONEOS_DEPLOYMENT_TARGET = 16.4;
				MTL_ENABLE_DEBUG_INFO = NO;
				MTL_FAST_MATH = YES;
				SDKROOT = iphoneos;
				SWIFT_COMPILATION_MODE = wholemodule;
				SWIFT_OPTIMIZATION_LEVEL = "-O";
				VALIDATE_PRODUCT = YES;
			};
			name = Release;
		};
		85D0DAB52A69900200A6913E /* Debug */ = {
			isa = XCBuildConfiguration;
			buildSettings = {
				ASSETCATALOG_COMPILER_APPICON_NAME = AppIcon;
				ASSETCATALOG_COMPILER_GLOBAL_ACCENT_COLOR_NAME = AccentColor;
				CODE_SIGN_STYLE = Automatic;
				CURRENT_PROJECT_VERSION = 1;
				DEVELOPMENT_ASSET_PATHS = "\"instagramClone/Preview Content\"";
				DEVELOPMENT_TEAM = VPZY62WQBQ;
				ENABLE_PREVIEWS = YES;
				GENERATE_INFOPLIST_FILE = YES;
				INFOPLIST_KEY_UIApplicationSceneManifest_Generation = YES;
				INFOPLIST_KEY_UIApplicationSupportsIndirectInputEvents = YES;
				INFOPLIST_KEY_UILaunchScreen_Generation = YES;
				INFOPLIST_KEY_UISupportedInterfaceOrientations_iPad = "UIInterfaceOrientationPortrait UIInterfaceOrientationPortraitUpsideDown UIInterfaceOrientationLandscapeLeft UIInterfaceOrientationLandscapeRight";
				INFOPLIST_KEY_UISupportedInterfaceOrientations_iPhone = "UIInterfaceOrientationPortrait UIInterfaceOrientationLandscapeLeft UIInterfaceOrientationLandscapeRight";
				IPHONEOS_DEPLOYMENT_TARGET = 16.2;
				LD_RUNPATH_SEARCH_PATHS = (
					"$(inherited)",
					"@executable_path/Frameworks",
				);
				MARKETING_VERSION = 1.0;
				PRODUCT_BUNDLE_IDENTIFIER = chihiro.instagramClone;
				PRODUCT_NAME = "$(TARGET_NAME)";
				SWIFT_EMIT_LOC_STRINGS = YES;
				SWIFT_VERSION = 5.0;
				TARGETED_DEVICE_FAMILY = "1,2";
			};
			name = Debug;
		};
		85D0DAB62A69900200A6913E /* Release */ = {
			isa = XCBuildConfiguration;
			buildSettings = {
				ASSETCATALOG_COMPILER_APPICON_NAME = AppIcon;
				ASSETCATALOG_COMPILER_GLOBAL_ACCENT_COLOR_NAME = AccentColor;
				CODE_SIGN_STYLE = Automatic;
				CURRENT_PROJECT_VERSION = 1;
				DEVELOPMENT_ASSET_PATHS = "\"instagramClone/Preview Content\"";
				DEVELOPMENT_TEAM = VPZY62WQBQ;
				ENABLE_PREVIEWS = YES;
				GENERATE_INFOPLIST_FILE = YES;
				INFOPLIST_KEY_UIApplicationSceneManifest_Generation = YES;
				INFOPLIST_KEY_UIApplicationSupportsIndirectInputEvents = YES;
				INFOPLIST_KEY_UILaunchScreen_Generation = YES;
				INFOPLIST_KEY_UISupportedInterfaceOrientations_iPad = "UIInterfaceOrientationPortrait UIInterfaceOrientationPortraitUpsideDown UIInterfaceOrientationLandscapeLeft UIInterfaceOrientationLandscapeRight";
				INFOPLIST_KEY_UISupportedInterfaceOrientations_iPhone = "UIInterfaceOrientationPortrait UIInterfaceOrientationLandscapeLeft UIInterfaceOrientationLandscapeRight";
				IPHONEOS_DEPLOYMENT_TARGET = 16.2;
				LD_RUNPATH_SEARCH_PATHS = (
					"$(inherited)",
					"@executable_path/Frameworks",
				);
				MARKETING_VERSION = 1.0;
				PRODUCT_BUNDLE_IDENTIFIER = chihiro.instagramClone;
				PRODUCT_NAME = "$(TARGET_NAME)";
				SWIFT_EMIT_LOC_STRINGS = YES;
				SWIFT_VERSION = 5.0;
				TARGETED_DEVICE_FAMILY = "1,2";
			};
			name = Release;
		};
/* End XCBuildConfiguration section */

/* Begin XCConfigurationList section */
		85D0DAA12A69900100A6913E /* Build configuration list for PBXProject "instagramClone" */ = {
			isa = XCConfigurationList;
			buildConfigurations = (
				85D0DAB22A69900200A6913E /* Debug */,
				85D0DAB32A69900200A6913E /* Release */,
			);
			defaultConfigurationIsVisible = 0;
			defaultConfigurationName = Release;
		};
		85D0DAB42A69900200A6913E /* Build configuration list for PBXNativeTarget "instagramClone" */ = {
			isa = XCConfigurationList;
			buildConfigurations = (
				85D0DAB52A69900200A6913E /* Debug */,
				85D0DAB62A69900200A6913E /* Release */,
			);
			defaultConfigurationIsVisible = 0;
			defaultConfigurationName = Release;
		};
/* End XCConfigurationList section */

/* Begin XCRemoteSwiftPackageReference section */
		856F11582A6EBCEA0073D730 /* XCRemoteSwiftPackageReference "firebase-ios-sdk" */ = {
			isa = XCRemoteSwiftPackageReference;
			repositoryURL = "https://github.com/firebase/firebase-ios-sdk.git";
			requirement = {
				kind = upToNextMajorVersion;
				minimumVersion = 10.0.0;
			};
		};
		85D0DB082A6B03B700A6913E /* XCRemoteSwiftPackageReference "Kingfisher" */ = {
			isa = XCRemoteSwiftPackageReference;
			repositoryURL = "https://github.com/onevcat/Kingfisher";
			requirement = {
				kind = upToNextMajorVersion;
				minimumVersion = 7.0.0;
			};
		};
/* End XCRemoteSwiftPackageReference section */

/* Begin XCSwiftPackageProductDependency section */
		856F11592A6EBCEA0073D730 /* FirebaseAuth */ = {
			isa = XCSwiftPackageProductDependency;
			package = 856F11582A6EBCEA0073D730 /* XCRemoteSwiftPackageReference "firebase-ios-sdk" */;
			productName = FirebaseAuth;
		};
		856F115B2A6EBCEA0073D730 /* FirebaseFirestore */ = {
			isa = XCSwiftPackageProductDependency;
			package = 856F11582A6EBCEA0073D730 /* XCRemoteSwiftPackageReference "firebase-ios-sdk" */;
			productName = FirebaseFirestore;
		};
		856F115D2A6EBCEA0073D730 /* FirebaseFirestoreSwift */ = {
			isa = XCSwiftPackageProductDependency;
			package = 856F11582A6EBCEA0073D730 /* XCRemoteSwiftPackageReference "firebase-ios-sdk" */;
			productName = FirebaseFirestoreSwift;
		};
		856F115F2A6EBCEA0073D730 /* FirebaseFunctions */ = {
			isa = XCSwiftPackageProductDependency;
			package = 856F11582A6EBCEA0073D730 /* XCRemoteSwiftPackageReference "firebase-ios-sdk" */;
			productName = FirebaseFunctions;
		};
		856F11612A6EBCEA0073D730 /* FirebaseMessaging */ = {
			isa = XCSwiftPackageProductDependency;
			package = 856F11582A6EBCEA0073D730 /* XCRemoteSwiftPackageReference "firebase-ios-sdk" */;
			productName = FirebaseMessaging;
		};
		856F11632A6EBCEA0073D730 /* FirebaseStorage */ = {
			isa = XCSwiftPackageProductDependency;
			package = 856F11582A6EBCEA0073D730 /* XCRemoteSwiftPackageReference "firebase-ios-sdk" */;
			productName = FirebaseStorage;
		};
		85D0DB092A6B03B700A6913E /* Kingfisher */ = {
			isa = XCSwiftPackageProductDependency;
			package = 85D0DB082A6B03B700A6913E /* XCRemoteSwiftPackageReference "Kingfisher" */;
			productName = Kingfisher;
		};
/* End XCSwiftPackageProductDependency section */
	};
	rootObject = 85D0DA9E2A69900100A6913E /* Project object */;
}
